Microsoft Visual Studio Solution File, Format Version 9.00
# Visual Studio 2005
Project("{F184B08F-C81C-45F6-A57F-5ABD9991F28F}") = "WinSolution.Module", "WinSolution.Module\WinSolution.Module.vbproj", "{03314849-843B-417B-8E6D-649FA4D4D358}"
	ProjectSection(WebsiteProperties) = preProject
		Debug.AspNetCompiler.Debug = "True"
		Release.AspNetCompiler.Debug = "False"
	EndProjectSection
EndProject
Project("{F184B08F-C81C-45F6-A57F-5ABD9991F28F}") = "WinSolution.Module.Win", "WinSolution.Module.Win\WinSolution.Module.Win.vbproj", "{3A550100-6C81-47DC-B0D2-5C7848FF3636}"
	ProjectSection(WebsiteProperties) = preProject
		Debug.AspNetCompiler.Debug = "True"
		Release.AspNetCompiler.Debug = "False"
	EndProjectSection
EndProject
Project("{F184B08F-C81C-45F6-A57F-5ABD9991F28F}") = "WinSolution.Win", "WinSolution.Win\WinSolution.Win.vbproj", "{E4992FA0-217E-4A1B-9187-583295DF7453}"
	ProjectSection(WebsiteProperties) = preProject
		Debug.AspNetCompiler.Debug = "True"
		Release.AspNetCompiler.Debug = "False"
	EndProjectSection
EndProject
Global
	GlobalSection(SolutionConfigurationPlatforms) = preSolution
		Debug|Any CPU = Debug|Any CPU
		EasyTest|Any CPU = EasyTest|Any CPU
		Release|Any CPU = Release|Any CPU
	EndGlobalSection
	GlobalSection(ProjectConfigurationPlatforms) = postSolution
		{03314849-843B-417B-8E6D-649FA4D4D358}.Debug|Any CPU.ActiveCfg = Debug|Any CPU
		{03314849-843B-417B-8E6D-649FA4D4D358}.Debug|Any CPU.Build.0 = Debug|Any CPU
		{03314849-843B-417B-8E6D-649FA4D4D358}.EasyTest|Any CPU.ActiveCfg = EasyTest|Any CPU
		{03314849-843B-417B-8E6D-649FA4D4D358}.EasyTest|Any CPU.Build.0 = EasyTest|Any CPU
		{03314849-843B-417B-8E6D-649FA4D4D358}.Release|Any CPU.ActiveCfg = Release|Any CPU
		{03314849-843B-417B-8E6D-649FA4D4D358}.Release|Any CPU.Build.0 = Release|Any CPU
		{3A550100-6C81-47DC-B0D2-5C7848FF3636}.Debug|Any CPU.ActiveCfg = Debug|Any CPU
		{3A550100-6C81-47DC-B0D2-5C7848FF3636}.Debug|Any CPU.Build.0 = Debug|Any CPU
		{3A550100-6C81-47DC-B0D2-5C7848FF3636}.EasyTest|Any CPU.ActiveCfg = EasyTest|Any CPU
		{3A550100-6C81-47DC-B0D2-5C7848FF3636}.EasyTest|Any CPU.Build.0 = EasyTest|Any CPU
		{3A550100-6C81-47DC-B0D2-5C7848FF3636}.Release|Any CPU.ActiveCfg = Release|Any CPU
		{3A550100-6C81-47DC-B0D2-5C7848FF3636}.Release|Any CPU.Build.0 = Release|Any CPU
		{E4992FA0-217E-4A1B-9187-583295DF7453}.Debug|Any CPU.ActiveCfg = Debug|Any CPU
		{E4992FA0-217E-4A1B-9187-583295DF7453}.Debug|Any CPU.Build.0 = Debug|Any CPU
		{E4992FA0-217E-4A1B-9187-583295DF7453}.EasyTest|Any CPU.ActiveCfg = EasyTest|Any CPU
		{E4992FA0-217E-4A1B-9187-583295DF7453}.EasyTest|Any CPU.Build.0 = EasyTest|Any CPU
		{E4992FA0-217E-4A1B-9187-583295DF7453}.Release|Any CPU.ActiveCfg = Release|Any CPU
		{E4992FA0-217E-4A1B-9187-583295DF7453}.Release|Any CPU.Build.0 = Release|Any CPU
	EndGlobalSection
	GlobalSection(SolutionProperties) = preSolution
		HideSolutionNode = FALSE
	EndGlobalSection
EndGlobal
